
Microsoft Visual Studio Solution File, Format Version 12.00
# Visual Studio 15
VisualStudioVersion = 15.0.27004.2005
MinimumVisualStudioVersion = 10.0.40219.1
Project("{2150E333-8FDC-42A3-9474-1A3956D46DE8}") = "PTU Libs", "PTU Libs", "{C1729FAC-DB65-4179-9817-EDCE648E5D11}"
EndProject
Project("{2150E333-8FDC-42A3-9474-1A3956D46DE8}") = "Apps", "Apps", "{1C80FE3C-DC93-4519-9E62-811E3C0864A6}"
EndProject
Project("{2150E333-8FDC-42A3-9474-1A3956D46DE8}") = "Tools", "Tools", "{BE5EB1E2-3DE9-4DFB-ABA9-20C1CF7A99C8}"
EndProject
Project("{FAE04EC0-301F-11D3-BF4B-00C04F79EFBC}") = "Launcher", "Launcher\Launcher.csproj", "{8905C4F9-AB8D-4C2E-AED0-6C71EAD9E185}"
	ProjectSection(ProjectDependencies) = postProject
		{24316F59-0D2B-467A-9A42-F4C5F2765748} = {24316F59-0D2B-467A-9A42-F4C5F2765748}
	EndProjectSection
EndProject
Project("{FAE04EC0-301F-11D3-BF4B-00C04F79EFBC}") = "SaveEditor", "AssaultBird2454.VPTU.SaveEditor\SaveEditor.csproj", "{24316F59-0D2B-467A-9A42-F4C5F2765748}"
EndProject
Project("{2150E333-8FDC-42A3-9474-1A3956D46DE8}") = "Solution Items", "Solution Items", "{CB6F0048-E047-4F2C-B13B-1942E22A74D2}"
	ProjectSection(SolutionItems) = preProject
		..\DISCLAMER = ..\DISCLAMER
		..\LEGAL NOTICE = ..\LEGAL NOTICE
		..\LICENSE = ..\LICENSE
		NuGet.Config = NuGet.Config
		..\README.md = ..\README.md
	EndProjectSection
EndProject
Project("{FAE04EC0-301F-11D3-BF4B-00C04F79EFBC}") = "VPTU_Updater", "AssaultBird2454.VPTU.Updater\VPTU_Updater.csproj", "{D6DDC16E-A570-409A-BD2B-9676612A597E}"
EndProject
Project("{2150E333-8FDC-42A3-9474-1A3956D46DE8}") = "Testing", "Testing", "{821E7511-3353-4E16-AFB3-CAEF6ACE2E35}"
EndProject
Project("{2150E333-8FDC-42A3-9474-1A3956D46DE8}") = "Networking", "Networking", "{2BE624B8-0492-4302-9531-D501A2C29D8C}"
EndProject
Project("{FAE04EC0-301F-11D3-BF4B-00C04F79EFBC}") = "Testing TCP Server", "Testing TCP Server\Testing TCP Server.csproj", "{344CF205-E8CD-446E-A922-8E5133757DB4}"
EndProject
Project("{FAE04EC0-301F-11D3-BF4B-00C04F79EFBC}") = "Testing TCP Client", "Testing TCP Client\Testing TCP Client.csproj", "{00BBACFD-3A5E-4A24-8F57-B6AD46DEFB4F}"
EndProject
Project("{2150E333-8FDC-42A3-9474-1A3956D46DE8}") = "External Libs", "External Libs", "{71F3832E-44F5-447B-96F7-8E29D83B9DA8}"
EndProject
Project("{FAE04EC0-301F-11D3-BF4B-00C04F79EFBC}") = "MultiSelectComboBox", "External\MultiSelectComboBox\MultiSelectComboBox.csproj", "{CE17A54E-0661-429F-AFDC-272E8668B14E}"
EndProject
Project("{FAE04EC0-301F-11D3-BF4B-00C04F79EFBC}") = "ServerConsole", "AssaultBird2454.VPTU.ServerConsole\ServerConsole.csproj", "{CFC60B1C-1416-4E09-8999-3F6FBEAF912E}"
EndProject
Project("{FAE04EC0-301F-11D3-BF4B-00C04F79EFBC}") = "VPTU", "AssaultBird2454.VPTU\VPTU.csproj", "{F5CD6B0D-B4FF-448A-9276-3C563C4C02DF}"
EndProject
Project("{FAE04EC0-301F-11D3-BF4B-00C04F79EFBC}") = "Client", "AssaultBird2454.VPTU.Client\Client.csproj", "{842FDA3F-FD43-47DF-B1E1-50A48A0FFC84}"
EndProject
Project("{FAE04EC0-301F-11D3-BF4B-00C04F79EFBC}") = "WPF.MDI", "Hammer.MdiContainer\WPF.MDI.csproj", "{BE1ED569-5E0B-4DF0-8964-33AD2AAE4C4A}"
EndProject
Global
	GlobalSection(SolutionConfigurationPlatforms) = preSolution
		Debug|Any CPU = Debug|Any CPU
		Debug|x64 = Debug|x64
		Release|Any CPU = Release|Any CPU
		Release|x64 = Release|x64
	EndGlobalSection
	GlobalSection(ProjectConfigurationPlatforms) = postSolution
		{8905C4F9-AB8D-4C2E-AED0-6C71EAD9E185}.Debug|Any CPU.ActiveCfg = Debug|Any CPU
		{8905C4F9-AB8D-4C2E-AED0-6C71EAD9E185}.Debug|Any CPU.Build.0 = Debug|Any CPU
		{8905C4F9-AB8D-4C2E-AED0-6C71EAD9E185}.Debug|x64.ActiveCfg = Debug|Any CPU
		{8905C4F9-AB8D-4C2E-AED0-6C71EAD9E185}.Debug|x64.Build.0 = Debug|Any CPU
		{8905C4F9-AB8D-4C2E-AED0-6C71EAD9E185}.Release|Any CPU.ActiveCfg = Release|Any CPU
		{8905C4F9-AB8D-4C2E-AED0-6C71EAD9E185}.Release|Any CPU.Build.0 = Release|Any CPU
		{8905C4F9-AB8D-4C2E-AED0-6C71EAD9E185}.Release|x64.ActiveCfg = Release|Any CPU
		{8905C4F9-AB8D-4C2E-AED0-6C71EAD9E185}.Release|x64.Build.0 = Release|Any CPU
		{24316F59-0D2B-467A-9A42-F4C5F2765748}.Debug|Any CPU.ActiveCfg = Debug|Any CPU
		{24316F59-0D2B-467A-9A42-F4C5F2765748}.Debug|Any CPU.Build.0 = Debug|Any CPU
		{24316F59-0D2B-467A-9A42-F4C5F2765748}.Debug|x64.ActiveCfg = Debug|Any CPU
		{24316F59-0D2B-467A-9A42-F4C5F2765748}.Debug|x64.Build.0 = Debug|Any CPU
		{24316F59-0D2B-467A-9A42-F4C5F2765748}.Release|Any CPU.ActiveCfg = Release|Any CPU
		{24316F59-0D2B-467A-9A42-F4C5F2765748}.Release|Any CPU.Build.0 = Release|Any CPU
		{24316F59-0D2B-467A-9A42-F4C5F2765748}.Release|x64.ActiveCfg = Release|Any CPU
		{24316F59-0D2B-467A-9A42-F4C5F2765748}.Release|x64.Build.0 = Release|Any CPU
		{D6DDC16E-A570-409A-BD2B-9676612A597E}.Debug|Any CPU.ActiveCfg = Debug|Any CPU
		{D6DDC16E-A570-409A-BD2B-9676612A597E}.Debug|Any CPU.Build.0 = Debug|Any CPU
		{D6DDC16E-A570-409A-BD2B-9676612A597E}.Debug|x64.ActiveCfg = Debug|Any CPU
		{D6DDC16E-A570-409A-BD2B-9676612A597E}.Debug|x64.Build.0 = Debug|Any CPU
		{D6DDC16E-A570-409A-BD2B-9676612A597E}.Release|Any CPU.ActiveCfg = Release|Any CPU
		{D6DDC16E-A570-409A-BD2B-9676612A597E}.Release|Any CPU.Build.0 = Release|Any CPU
		{D6DDC16E-A570-409A-BD2B-9676612A597E}.Release|x64.ActiveCfg = Release|Any CPU
		{D6DDC16E-A570-409A-BD2B-9676612A597E}.Release|x64.Build.0 = Release|Any CPU
		{344CF205-E8CD-446E-A922-8E5133757DB4}.Debug|Any CPU.ActiveCfg = Debug|Any CPU
		{344CF205-E8CD-446E-A922-8E5133757DB4}.Debug|Any CPU.Build.0 = Debug|Any CPU
		{344CF205-E8CD-446E-A922-8E5133757DB4}.Debug|x64.ActiveCfg = Debug|Any CPU
		{344CF205-E8CD-446E-A922-8E5133757DB4}.Debug|x64.Build.0 = Debug|Any CPU
		{344CF205-E8CD-446E-A922-8E5133757DB4}.Release|Any CPU.ActiveCfg = Release|Any CPU
		{344CF205-E8CD-446E-A922-8E5133757DB4}.Release|Any CPU.Build.0 = Release|Any CPU
		{344CF205-E8CD-446E-A922-8E5133757DB4}.Release|x64.ActiveCfg = Release|Any CPU
		{344CF205-E8CD-446E-A922-8E5133757DB4}.Release|x64.Build.0 = Release|Any CPU
		{00BBACFD-3A5E-4A24-8F57-B6AD46DEFB4F}.Debug|Any CPU.ActiveCfg = Debug|Any CPU
		{00BBACFD-3A5E-4A24-8F57-B6AD46DEFB4F}.Debug|Any CPU.Build.0 = Debug|Any CPU
		{00BBACFD-3A5E-4A24-8F57-B6AD46DEFB4F}.Debug|x64.ActiveCfg = Debug|Any CPU
		{00BBACFD-3A5E-4A24-8F57-B6AD46DEFB4F}.Debug|x64.Build.0 = Debug|Any CPU
		{00BBACFD-3A5E-4A24-8F57-B6AD46DEFB4F}.Release|Any CPU.ActiveCfg = Release|Any CPU
		{00BBACFD-3A5E-4A24-8F57-B6AD46DEFB4F}.Release|Any CPU.Build.0 = Release|Any CPU
		{00BBACFD-3A5E-4A24-8F57-B6AD46DEFB4F}.Release|x64.ActiveCfg = Release|Any CPU
		{00BBACFD-3A5E-4A24-8F57-B6AD46DEFB4F}.Release|x64.Build.0 = Release|Any CPU
		{CE17A54E-0661-429F-AFDC-272E8668B14E}.Debug|Any CPU.ActiveCfg = Debug|Any CPU
		{CE17A54E-0661-429F-AFDC-272E8668B14E}.Debug|Any CPU.Build.0 = Debug|Any CPU
		{CE17A54E-0661-429F-AFDC-272E8668B14E}.Debug|x64.ActiveCfg = Debug|Any CPU
		{CE17A54E-0661-429F-AFDC-272E8668B14E}.Debug|x64.Build.0 = Debug|Any CPU
		{CE17A54E-0661-429F-AFDC-272E8668B14E}.Release|Any CPU.ActiveCfg = Release|Any CPU
		{CE17A54E-0661-429F-AFDC-272E8668B14E}.Release|Any CPU.Build.0 = Release|Any CPU
		{CE17A54E-0661-429F-AFDC-272E8668B14E}.Release|x64.ActiveCfg = Release|Any CPU
		{CE17A54E-0661-429F-AFDC-272E8668B14E}.Release|x64.Build.0 = Release|Any CPU
		{CFC60B1C-1416-4E09-8999-3F6FBEAF912E}.Debug|Any CPU.ActiveCfg = Debug|Any CPU
		{CFC60B1C-1416-4E09-8999-3F6FBEAF912E}.Debug|Any CPU.Build.0 = Debug|Any CPU
		{CFC60B1C-1416-4E09-8999-3F6FBEAF912E}.Debug|x64.ActiveCfg = Debug|Any CPU
		{CFC60B1C-1416-4E09-8999-3F6FBEAF912E}.Debug|x64.Build.0 = Debug|Any CPU
		{CFC60B1C-1416-4E09-8999-3F6FBEAF912E}.Release|Any CPU.ActiveCfg = Release|Any CPU
		{CFC60B1C-1416-4E09-8999-3F6FBEAF912E}.Release|Any CPU.Build.0 = Release|Any CPU
		{CFC60B1C-1416-4E09-8999-3F6FBEAF912E}.Release|x64.ActiveCfg = Release|Any CPU
		{CFC60B1C-1416-4E09-8999-3F6FBEAF912E}.Release|x64.Build.0 = Release|Any CPU
		{F5CD6B0D-B4FF-448A-9276-3C563C4C02DF}.Debug|Any CPU.ActiveCfg = Debug|Any CPU
		{F5CD6B0D-B4FF-448A-9276-3C563C4C02DF}.Debug|Any CPU.Build.0 = Debug|Any CPU
		{F5CD6B0D-B4FF-448A-9276-3C563C4C02DF}.Debug|x64.ActiveCfg = Debug|Any CPU
		{F5CD6B0D-B4FF-448A-9276-3C563C4C02DF}.Debug|x64.Build.0 = Debug|Any CPU
		{F5CD6B0D-B4FF-448A-9276-3C563C4C02DF}.Release|Any CPU.ActiveCfg = Release|Any CPU
		{F5CD6B0D-B4FF-448A-9276-3C563C4C02DF}.Release|Any CPU.Build.0 = Release|Any CPU
		{F5CD6B0D-B4FF-448A-9276-3C563C4C02DF}.Release|x64.ActiveCfg = Release|Any CPU
		{F5CD6B0D-B4FF-448A-9276-3C563C4C02DF}.Release|x64.Build.0 = Release|Any CPU
		{842FDA3F-FD43-47DF-B1E1-50A48A0FFC84}.Debug|Any CPU.ActiveCfg = Debug|Any CPU
		{842FDA3F-FD43-47DF-B1E1-50A48A0FFC84}.Debug|Any CPU.Build.0 = Debug|Any CPU
		{842FDA3F-FD43-47DF-B1E1-50A48A0FFC84}.Debug|x64.ActiveCfg = Debug|Any CPU
		{842FDA3F-FD43-47DF-B1E1-50A48A0FFC84}.Debug|x64.Build.0 = Debug|Any CPU
		{842FDA3F-FD43-47DF-B1E1-50A48A0FFC84}.Release|Any CPU.ActiveCfg = Release|Any CPU
		{842FDA3F-FD43-47DF-B1E1-50A48A0FFC84}.Release|Any CPU.Build.0 = Release|Any CPU
		{842FDA3F-FD43-47DF-B1E1-50A48A0FFC84}.Release|x64.ActiveCfg = Release|Any CPU
		{842FDA3F-FD43-47DF-B1E1-50A48A0FFC84}.Release|x64.Build.0 = Release|Any CPU
		{BE1ED569-5E0B-4DF0-8964-33AD2AAE4C4A}.Debug|Any CPU.ActiveCfg = Debug|Any CPU
		{BE1ED569-5E0B-4DF0-8964-33AD2AAE4C4A}.Debug|Any CPU.Build.0 = Debug|Any CPU
		{BE1ED569-5E0B-4DF0-8964-33AD2AAE4C4A}.Debug|x64.ActiveCfg = Debug|Any CPU
		{BE1ED569-5E0B-4DF0-8964-33AD2AAE4C4A}.Debug|x64.Build.0 = Debug|Any CPU
		{BE1ED569-5E0B-4DF0-8964-33AD2AAE4C4A}.Release|Any CPU.ActiveCfg = Release|Any CPU
		{BE1ED569-5E0B-4DF0-8964-33AD2AAE4C4A}.Release|Any CPU.Build.0 = Release|Any CPU
		{BE1ED569-5E0B-4DF0-8964-33AD2AAE4C4A}.Release|x64.ActiveCfg = Release|Any CPU
		{BE1ED569-5E0B-4DF0-8964-33AD2AAE4C4A}.Release|x64.Build.0 = Release|Any CPU
	EndGlobalSection
	GlobalSection(SolutionProperties) = preSolution
		HideSolutionNode = FALSE
	EndGlobalSection
	GlobalSection(NestedProjects) = preSolution
		{8905C4F9-AB8D-4C2E-AED0-6C71EAD9E185} = {1C80FE3C-DC93-4519-9E62-811E3C0864A6}
		{24316F59-0D2B-467A-9A42-F4C5F2765748} = {1C80FE3C-DC93-4519-9E62-811E3C0864A6}
		{D6DDC16E-A570-409A-BD2B-9676612A597E} = {BE5EB1E2-3DE9-4DFB-ABA9-20C1CF7A99C8}
		{2BE624B8-0492-4302-9531-D501A2C29D8C} = {821E7511-3353-4E16-AFB3-CAEF6ACE2E35}
		{344CF205-E8CD-446E-A922-8E5133757DB4} = {2BE624B8-0492-4302-9531-D501A2C29D8C}
		{00BBACFD-3A5E-4A24-8F57-B6AD46DEFB4F} = {2BE624B8-0492-4302-9531-D501A2C29D8C}
		{CE17A54E-0661-429F-AFDC-272E8668B14E} = {71F3832E-44F5-447B-96F7-8E29D83B9DA8}
		{CFC60B1C-1416-4E09-8999-3F6FBEAF912E} = {BE5EB1E2-3DE9-4DFB-ABA9-20C1CF7A99C8}
		{F5CD6B0D-B4FF-448A-9276-3C563C4C02DF} = {C1729FAC-DB65-4179-9817-EDCE648E5D11}
		{842FDA3F-FD43-47DF-B1E1-50A48A0FFC84} = {1C80FE3C-DC93-4519-9E62-811E3C0864A6}
		{BE1ED569-5E0B-4DF0-8964-33AD2AAE4C4A} = {71F3832E-44F5-447B-96F7-8E29D83B9DA8}
	EndGlobalSection
	GlobalSection(ExtensibilityGlobals) = postSolution
		SolutionGuid = {81CFB500-157E-419A-9E3E-9F1E3FCBAE14}
	EndGlobalSection
EndGlobal
