
Microsoft Visual Studio Solution File, Format Version 12.00
# Visual Studio 15
VisualStudioVersion = 15.0.27130.2010
MinimumVisualStudioVersion = 10.0.40219.1
Project("{2150E333-8FDC-42A3-9474-1A3956D46DE8}") = "PTU Libs", "PTU Libs", "{C1729FAC-DB65-4179-9817-EDCE648E5D11}"
EndProject
Project("{2150E333-8FDC-42A3-9474-1A3956D46DE8}") = "Apps", "Apps", "{1C80FE3C-DC93-4519-9E62-811E3C0864A6}"
EndProject
Project("{2150E333-8FDC-42A3-9474-1A3956D46DE8}") = "Tools", "Tools", "{BE5EB1E2-3DE9-4DFB-ABA9-20C1CF7A99C8}"
EndProject
Project("{FAE04EC0-301F-11D3-BF4B-00C04F79EFBC}") = "Launcher", "Launcher\Launcher.csproj", "{8905C4F9-AB8D-4C2E-AED0-6C71EAD9E185}"
	ProjectSection(ProjectDependencies) = postProject
		{24316F59-0D2B-467A-9A42-F4C5F2765748} = {24316F59-0D2B-467A-9A42-F4C5F2765748}
	EndProjectSection
EndProject
Project("{FAE04EC0-301F-11D3-BF4B-00C04F79EFBC}") = "SaveEditor", "AssaultBird2454.VPTU.SaveEditor\SaveEditor.csproj", "{24316F59-0D2B-467A-9A42-F4C5F2765748}"
EndProject
Project("{2150E333-8FDC-42A3-9474-1A3956D46DE8}") = "Solution Items", "Solution Items", "{CB6F0048-E047-4F2C-B13B-1942E22A74D2}"
	ProjectSection(SolutionItems) = preProject
		..\DISCLAMER = ..\DISCLAMER
		..\LEGAL NOTICE = ..\LEGAL NOTICE
		..\LICENSE = ..\LICENSE
		NuGet.Config = NuGet.Config
		..\README.md = ..\README.md
		..\Release x64.yml = ..\Release x64.yml
		..\Release x86.yml = ..\Release x86.yml
	EndProjectSection
EndProject
Project("{2150E333-8FDC-42A3-9474-1A3956D46DE8}") = "External Libs", "External Libs", "{71F3832E-44F5-447B-96F7-8E29D83B9DA8}"
EndProject
Project("{FAE04EC0-301F-11D3-BF4B-00C04F79EFBC}") = "MultiSelectComboBox", "External\MultiSelectComboBox\MultiSelectComboBox.csproj", "{CE17A54E-0661-429F-AFDC-272E8668B14E}"
EndProject
Project("{FAE04EC0-301F-11D3-BF4B-00C04F79EFBC}") = "ServerConsole", "AssaultBird2454.VPTU.ServerConsole\ServerConsole.csproj", "{CFC60B1C-1416-4E09-8999-3F6FBEAF912E}"
EndProject
Project("{FAE04EC0-301F-11D3-BF4B-00C04F79EFBC}") = "VPTU", "AssaultBird2454.VPTU\VPTU.csproj", "{F5CD6B0D-B4FF-448A-9276-3C563C4C02DF}"
EndProject
Project("{FAE04EC0-301F-11D3-BF4B-00C04F79EFBC}") = "Client", "AssaultBird2454.VPTU.Client\Client.csproj", "{842FDA3F-FD43-47DF-B1E1-50A48A0FFC84}"
EndProject
Project("{FAE04EC0-301F-11D3-BF4B-00C04F79EFBC}") = "WPF.MDI", "Hammer.MdiContainer\WPF.MDI.csproj", "{BE1ED569-5E0B-4DF0-8964-33AD2AAE4C4A}"
EndProject
Project("{2150E333-8FDC-42A3-9474-1A3956D46DE8}") = "Docs", "Docs", "{06A1ED4D-0977-4A5C-8202-3DB29684DF20}"
EndProject
Project("{2150E333-8FDC-42A3-9474-1A3956D46DE8}") = "PTU System 1.05", "PTU System 1.05", "{52A1749A-565A-49BF-9D8B-D9E23413A440}"
	ProjectSection(SolutionItems) = preProject
		Docs\PTU System 1.05\Chapter 1 (Introduction).pdf = Docs\PTU System 1.05\Chapter 1 (Introduction).pdf
		Docs\PTU System 1.05\Chapter 10 (Indices and Reference).pdf = Docs\PTU System 1.05\Chapter 10 (Indices and Reference).pdf
		Docs\PTU System 1.05\Chapter 11 (Running the Game).pdf = Docs\PTU System 1.05\Chapter 11 (Running the Game).pdf
		Docs\PTU System 1.05\Chapter 2 (Character Creation).pdf = Docs\PTU System 1.05\Chapter 2 (Character Creation).pdf
		Docs\PTU System 1.05\Chapter 3 (Skills, Edges And Features).pdf = Docs\PTU System 1.05\Chapter 3 (Skills, Edges And Features).pdf
		Docs\PTU System 1.05\Chapter 4 (Trainer Classes).pdf = Docs\PTU System 1.05\Chapter 4 (Trainer Classes).pdf
		Docs\PTU System 1.05\Chapter 5 (Pokemon).pdf = Docs\PTU System 1.05\Chapter 5 (Pokemon).pdf
		Docs\PTU System 1.05\Chapter 6 (Playing the Game).pdf = Docs\PTU System 1.05\Chapter 6 (Playing the Game).pdf
		Docs\PTU System 1.05\Chapter 7 (Combat).pdf = Docs\PTU System 1.05\Chapter 7 (Combat).pdf
		Docs\PTU System 1.05\Chapter 8 (Pokemon Contests).pdf = Docs\PTU System 1.05\Chapter 8 (Pokemon Contests).pdf
		Docs\PTU System 1.05\Chapter 9 (Gear and Items).pdf = Docs\PTU System 1.05\Chapter 9 (Gear and Items).pdf
		Docs\PTU System 1.05\Pokedex 1.05.pdf = Docs\PTU System 1.05\Pokedex 1.05.pdf
		Docs\PTU System 1.05\Pokemon Tabletop United 1.05 Core.pdf = Docs\PTU System 1.05\Pokemon Tabletop United 1.05 Core.pdf
	EndProjectSection
EndProject
Project("{2150E333-8FDC-42A3-9474-1A3956D46DE8}") = "Chapter 5 (Pokemon)", "Chapter 5 (Pokemon)", "{200830E4-F5D2-4876-8FEF-6DF901F3FD6C}"
	ProjectSection(SolutionItems) = preProject
		Docs\PTU System 1.05\Chapter 5 (Pokemon)\Chapter 5 (Pokemon) - Breeding Pokemon.pdf = Docs\PTU System 1.05\Chapter 5 (Pokemon)\Chapter 5 (Pokemon) - Breeding Pokemon.pdf
		Docs\PTU System 1.05\Chapter 5 (Pokemon)\Chapter 5 (Pokemon) - Capturing Pokemon.pdf = Docs\PTU System 1.05\Chapter 5 (Pokemon)\Chapter 5 (Pokemon) - Capturing Pokemon.pdf
		Docs\PTU System 1.05\Chapter 5 (Pokemon)\Chapter 5 (Pokemon) - Disposition.pdf = Docs\PTU System 1.05\Chapter 5 (Pokemon)\Chapter 5 (Pokemon) - Disposition.pdf
		Docs\PTU System 1.05\Chapter 5 (Pokemon)\Chapter 5 (Pokemon) - Fishing.pdf = Docs\PTU System 1.05\Chapter 5 (Pokemon)\Chapter 5 (Pokemon) - Fishing.pdf
		Docs\PTU System 1.05\Chapter 5 (Pokemon)\Chapter 5 (Pokemon) - Leveling Up.pdf = Docs\PTU System 1.05\Chapter 5 (Pokemon)\Chapter 5 (Pokemon) - Leveling Up.pdf
		Docs\PTU System 1.05\Chapter 5 (Pokemon)\Chapter 5 (Pokemon) - Loyalty.pdf = Docs\PTU System 1.05\Chapter 5 (Pokemon)\Chapter 5 (Pokemon) - Loyalty.pdf
		Docs\PTU System 1.05\Chapter 5 (Pokemon)\Chapter 5 (Pokemon) - Mega Evolution.pdf = Docs\PTU System 1.05\Chapter 5 (Pokemon)\Chapter 5 (Pokemon) - Mega Evolution.pdf
		Docs\PTU System 1.05\Chapter 5 (Pokemon)\Chapter 5 (Pokemon) - Poke Edges.pdf = Docs\PTU System 1.05\Chapter 5 (Pokemon)\Chapter 5 (Pokemon) - Poke Edges.pdf
		Docs\PTU System 1.05\Chapter 5 (Pokemon)\Chapter 5 (Pokemon) - Pokemon as Mounts.pdf = Docs\PTU System 1.05\Chapter 5 (Pokemon)\Chapter 5 (Pokemon) - Pokemon as Mounts.pdf
		Docs\PTU System 1.05\Chapter 5 (Pokemon)\Chapter 5 (Pokemon) - Pokemon Fossils.pdf = Docs\PTU System 1.05\Chapter 5 (Pokemon)\Chapter 5 (Pokemon) - Pokemon Fossils.pdf
		Docs\PTU System 1.05\Chapter 5 (Pokemon)\Chapter 5 (Pokemon) - Sample Pokemon Builds.pdf = Docs\PTU System 1.05\Chapter 5 (Pokemon)\Chapter 5 (Pokemon) - Sample Pokemon Builds.pdf
	EndProjectSection
EndProject
Project("{2150E333-8FDC-42A3-9474-1A3956D46DE8}") = "Chapter 2 (Character Creation)", "Chapter 2 (Character Creation)", "{0DD766F2-800F-438E-9209-5D73BCF2D9ED}"
	ProjectSection(SolutionItems) = preProject
		Docs\PTU System 1.05\Chapter 2 (Character Creation)\Chapter 2 (Character Creation) - Quick Start.pdf = Docs\PTU System 1.05\Chapter 2 (Character Creation)\Chapter 2 (Character Creation) - Quick Start.pdf
	EndProjectSection
EndProject
Project("{FAE04EC0-301F-11D3-BF4B-00C04F79EFBC}") = "Updater", "AssaultBird2454.VPTU.Updater\Updater.csproj", "{EC4A6E0F-8D0F-4B97-880F-9442D226AC52}"
EndProject
Global
	GlobalSection(SolutionConfigurationPlatforms) = preSolution
		Debug|Any CPU = Debug|Any CPU
		Debug|x64 = Debug|x64
		Release|Any CPU = Release|Any CPU
		Release|x64 = Release|x64
	EndGlobalSection
	GlobalSection(ProjectConfigurationPlatforms) = postSolution
		{8905C4F9-AB8D-4C2E-AED0-6C71EAD9E185}.Debug|Any CPU.ActiveCfg = Debug|Any CPU
		{8905C4F9-AB8D-4C2E-AED0-6C71EAD9E185}.Debug|Any CPU.Build.0 = Debug|Any CPU
		{8905C4F9-AB8D-4C2E-AED0-6C71EAD9E185}.Debug|x64.ActiveCfg = Debug|x64
		{8905C4F9-AB8D-4C2E-AED0-6C71EAD9E185}.Debug|x64.Build.0 = Debug|x64
		{8905C4F9-AB8D-4C2E-AED0-6C71EAD9E185}.Release|Any CPU.ActiveCfg = Release|Any CPU
		{8905C4F9-AB8D-4C2E-AED0-6C71EAD9E185}.Release|Any CPU.Build.0 = Release|Any CPU
		{8905C4F9-AB8D-4C2E-AED0-6C71EAD9E185}.Release|x64.ActiveCfg = Release|x64
		{8905C4F9-AB8D-4C2E-AED0-6C71EAD9E185}.Release|x64.Build.0 = Release|x64
		{24316F59-0D2B-467A-9A42-F4C5F2765748}.Debug|Any CPU.ActiveCfg = Debug|Any CPU
		{24316F59-0D2B-467A-9A42-F4C5F2765748}.Debug|Any CPU.Build.0 = Debug|Any CPU
		{24316F59-0D2B-467A-9A42-F4C5F2765748}.Debug|x64.ActiveCfg = Debug|x64
		{24316F59-0D2B-467A-9A42-F4C5F2765748}.Debug|x64.Build.0 = Debug|x64
		{24316F59-0D2B-467A-9A42-F4C5F2765748}.Release|Any CPU.ActiveCfg = Release|Any CPU
		{24316F59-0D2B-467A-9A42-F4C5F2765748}.Release|Any CPU.Build.0 = Release|Any CPU
		{24316F59-0D2B-467A-9A42-F4C5F2765748}.Release|x64.ActiveCfg = Release|x64
		{24316F59-0D2B-467A-9A42-F4C5F2765748}.Release|x64.Build.0 = Release|x64
		{CE17A54E-0661-429F-AFDC-272E8668B14E}.Debug|Any CPU.ActiveCfg = Debug|Any CPU
		{CE17A54E-0661-429F-AFDC-272E8668B14E}.Debug|Any CPU.Build.0 = Debug|Any CPU
		{CE17A54E-0661-429F-AFDC-272E8668B14E}.Debug|x64.ActiveCfg = Debug|x64
		{CE17A54E-0661-429F-AFDC-272E8668B14E}.Debug|x64.Build.0 = Debug|x64
		{CE17A54E-0661-429F-AFDC-272E8668B14E}.Release|Any CPU.ActiveCfg = Release|Any CPU
		{CE17A54E-0661-429F-AFDC-272E8668B14E}.Release|Any CPU.Build.0 = Release|Any CPU
		{CE17A54E-0661-429F-AFDC-272E8668B14E}.Release|x64.ActiveCfg = Release|x64
		{CE17A54E-0661-429F-AFDC-272E8668B14E}.Release|x64.Build.0 = Release|x64
		{CFC60B1C-1416-4E09-8999-3F6FBEAF912E}.Debug|Any CPU.ActiveCfg = Debug|Any CPU
		{CFC60B1C-1416-4E09-8999-3F6FBEAF912E}.Debug|Any CPU.Build.0 = Debug|Any CPU
		{CFC60B1C-1416-4E09-8999-3F6FBEAF912E}.Debug|x64.ActiveCfg = Debug|x64
		{CFC60B1C-1416-4E09-8999-3F6FBEAF912E}.Debug|x64.Build.0 = Debug|x64
		{CFC60B1C-1416-4E09-8999-3F6FBEAF912E}.Release|Any CPU.ActiveCfg = Release|Any CPU
		{CFC60B1C-1416-4E09-8999-3F6FBEAF912E}.Release|Any CPU.Build.0 = Release|Any CPU
		{CFC60B1C-1416-4E09-8999-3F6FBEAF912E}.Release|x64.ActiveCfg = Release|x64
		{CFC60B1C-1416-4E09-8999-3F6FBEAF912E}.Release|x64.Build.0 = Release|x64
		{F5CD6B0D-B4FF-448A-9276-3C563C4C02DF}.Debug|Any CPU.ActiveCfg = Debug|Any CPU
		{F5CD6B0D-B4FF-448A-9276-3C563C4C02DF}.Debug|Any CPU.Build.0 = Debug|Any CPU
		{F5CD6B0D-B4FF-448A-9276-3C563C4C02DF}.Debug|x64.ActiveCfg = Debug|x64
		{F5CD6B0D-B4FF-448A-9276-3C563C4C02DF}.Debug|x64.Build.0 = Debug|x64
		{F5CD6B0D-B4FF-448A-9276-3C563C4C02DF}.Release|Any CPU.ActiveCfg = Release|Any CPU
		{F5CD6B0D-B4FF-448A-9276-3C563C4C02DF}.Release|Any CPU.Build.0 = Release|Any CPU
		{F5CD6B0D-B4FF-448A-9276-3C563C4C02DF}.Release|x64.ActiveCfg = Release|x64
		{F5CD6B0D-B4FF-448A-9276-3C563C4C02DF}.Release|x64.Build.0 = Release|x64
		{842FDA3F-FD43-47DF-B1E1-50A48A0FFC84}.Debug|Any CPU.ActiveCfg = Debug|Any CPU
		{842FDA3F-FD43-47DF-B1E1-50A48A0FFC84}.Debug|Any CPU.Build.0 = Debug|Any CPU
		{842FDA3F-FD43-47DF-B1E1-50A48A0FFC84}.Debug|x64.ActiveCfg = Debug|x64
		{842FDA3F-FD43-47DF-B1E1-50A48A0FFC84}.Debug|x64.Build.0 = Debug|x64
		{842FDA3F-FD43-47DF-B1E1-50A48A0FFC84}.Release|Any CPU.ActiveCfg = Release|Any CPU
		{842FDA3F-FD43-47DF-B1E1-50A48A0FFC84}.Release|Any CPU.Build.0 = Release|Any CPU
		{842FDA3F-FD43-47DF-B1E1-50A48A0FFC84}.Release|x64.ActiveCfg = Release|x64
		{842FDA3F-FD43-47DF-B1E1-50A48A0FFC84}.Release|x64.Build.0 = Release|x64
		{BE1ED569-5E0B-4DF0-8964-33AD2AAE4C4A}.Debug|Any CPU.ActiveCfg = Debug|Any CPU
		{BE1ED569-5E0B-4DF0-8964-33AD2AAE4C4A}.Debug|Any CPU.Build.0 = Debug|Any CPU
		{BE1ED569-5E0B-4DF0-8964-33AD2AAE4C4A}.Debug|x64.ActiveCfg = Debug|x64
		{BE1ED569-5E0B-4DF0-8964-33AD2AAE4C4A}.Debug|x64.Build.0 = Debug|x64
		{BE1ED569-5E0B-4DF0-8964-33AD2AAE4C4A}.Release|Any CPU.ActiveCfg = Release|Any CPU
		{BE1ED569-5E0B-4DF0-8964-33AD2AAE4C4A}.Release|Any CPU.Build.0 = Release|Any CPU
		{BE1ED569-5E0B-4DF0-8964-33AD2AAE4C4A}.Release|x64.ActiveCfg = Release|x64
		{BE1ED569-5E0B-4DF0-8964-33AD2AAE4C4A}.Release|x64.Build.0 = Release|x64
		{EC4A6E0F-8D0F-4B97-880F-9442D226AC52}.Debug|Any CPU.ActiveCfg = Debug|Any CPU
		{EC4A6E0F-8D0F-4B97-880F-9442D226AC52}.Debug|Any CPU.Build.0 = Debug|Any CPU
		{EC4A6E0F-8D0F-4B97-880F-9442D226AC52}.Debug|x64.ActiveCfg = Debug|x64
		{EC4A6E0F-8D0F-4B97-880F-9442D226AC52}.Debug|x64.Build.0 = Debug|x64
		{EC4A6E0F-8D0F-4B97-880F-9442D226AC52}.Release|Any CPU.ActiveCfg = Release|Any CPU
		{EC4A6E0F-8D0F-4B97-880F-9442D226AC52}.Release|Any CPU.Build.0 = Release|Any CPU
		{EC4A6E0F-8D0F-4B97-880F-9442D226AC52}.Release|x64.ActiveCfg = Release|x64
		{EC4A6E0F-8D0F-4B97-880F-9442D226AC52}.Release|x64.Build.0 = Release|x64
	EndGlobalSection
	GlobalSection(SolutionProperties) = preSolution
		HideSolutionNode = FALSE
	EndGlobalSection
	GlobalSection(NestedProjects) = preSolution
		{8905C4F9-AB8D-4C2E-AED0-6C71EAD9E185} = {1C80FE3C-DC93-4519-9E62-811E3C0864A6}
		{24316F59-0D2B-467A-9A42-F4C5F2765748} = {1C80FE3C-DC93-4519-9E62-811E3C0864A6}
		{CE17A54E-0661-429F-AFDC-272E8668B14E} = {71F3832E-44F5-447B-96F7-8E29D83B9DA8}
		{CFC60B1C-1416-4E09-8999-3F6FBEAF912E} = {BE5EB1E2-3DE9-4DFB-ABA9-20C1CF7A99C8}
		{F5CD6B0D-B4FF-448A-9276-3C563C4C02DF} = {C1729FAC-DB65-4179-9817-EDCE648E5D11}
		{842FDA3F-FD43-47DF-B1E1-50A48A0FFC84} = {1C80FE3C-DC93-4519-9E62-811E3C0864A6}
		{BE1ED569-5E0B-4DF0-8964-33AD2AAE4C4A} = {71F3832E-44F5-447B-96F7-8E29D83B9DA8}
		{52A1749A-565A-49BF-9D8B-D9E23413A440} = {06A1ED4D-0977-4A5C-8202-3DB29684DF20}
		{200830E4-F5D2-4876-8FEF-6DF901F3FD6C} = {52A1749A-565A-49BF-9D8B-D9E23413A440}
		{0DD766F2-800F-438E-9209-5D73BCF2D9ED} = {52A1749A-565A-49BF-9D8B-D9E23413A440}
		{EC4A6E0F-8D0F-4B97-880F-9442D226AC52} = {BE5EB1E2-3DE9-4DFB-ABA9-20C1CF7A99C8}
	EndGlobalSection
	GlobalSection(ExtensibilityGlobals) = postSolution
		SolutionGuid = {B03AC055-AAE8-481E-B0C7-E216BFB6B988}
	EndGlobalSection
	GlobalSection(CodealikeProperties) = postSolution
		SolutionGuid = 81cfb500-157e-419a-9e3e-9f1e3fcbae14
	EndGlobalSection
EndGlobal
